
Microsoft Visual Studio Solution File, Format Version 12.00
# Visual Studio Version 17
VisualStudioVersion = 17.0.31903.59
MinimumVisualStudioVersion = 10.0.40219.1
Project("{FAE04EC0-301F-11D3-BF4B-00C04F79EFBC}") = "WebAPICore_RestMaca", "WebAPICore_RestMaca\WebAPICore_RestMaca.csproj", "{CD60D358-0DC5-41BC-8C2E-868721F445C2}"
EndProject
Global
	GlobalSection(SolutionConfigurationPlatforms) = preSolution
		Debug|Any CPU = Debug|Any CPU
		Debug|x64 = Debug|x64
		Debug|x86 = Debug|x86
		Release|Any CPU = Release|Any CPU
		Release|x64 = Release|x64
		Release|x86 = Release|x86
	EndGlobalSection
	GlobalSection(ProjectConfigurationPlatforms) = postSolution
		{CD60D358-0DC5-41BC-8C2E-868721F445C2}.Debug|Any CPU.ActiveCfg = Debug|Any CPU
		{CD60D358-0DC5-41BC-8C2E-868721F445C2}.Debug|Any CPU.Build.0 = Debug|Any CPU
		{CD60D358-0DC5-41BC-8C2E-868721F445C2}.Debug|x64.ActiveCfg = Debug|Any CPU
		{CD60D358-0DC5-41BC-8C2E-868721F445C2}.Debug|x64.Build.0 = Debug|Any CPU
		{CD60D358-0DC5-41BC-8C2E-868721F445C2}.Debug|x86.ActiveCfg = Debug|Any CPU
		{CD60D358-0DC5-41BC-8C2E-868721F445C2}.Debug|x86.Build.0 = Debug|Any CPU
		{CD60D358-0DC5-41BC-8C2E-868721F445C2}.Release|Any CPU.ActiveCfg = Release|Any CPU
		{CD60D358-0DC5-41BC-8C2E-868721F445C2}.Release|Any CPU.Build.0 = Release|Any CPU
		{CD60D358-0DC5-41BC-8C2E-868721F445C2}.Release|x64.ActiveCfg = Release|Any CPU
		{CD60D358-0DC5-41BC-8C2E-868721F445C2}.Release|x64.Build.0 = Release|Any CPU
		{CD60D358-0DC5-41BC-8C2E-868721F445C2}.Release|x86.ActiveCfg = Release|Any CPU
		{CD60D358-0DC5-41BC-8C2E-868721F445C2}.Release|x86.Build.0 = Release|Any CPU
	EndGlobalSection
	GlobalSection(SolutionProperties) = preSolution
		HideSolutionNode = FALSE
	EndGlobalSection
EndGlobal
